
Microsoft Visual Studio Solution File, Format Version 12.00
# Visual Studio 15
VisualStudioVersion = 15.0.28010.2041
MinimumVisualStudioVersion = 10.0.40219.1
Project("{FAE04EC0-301F-11D3-BF4B-00C04F79EFBC}") = "lindotnet", "lindotnet\lindotnet.csproj", "{907A15FA-DB66-44D9-842E-A7BB288B55F1}"
EndProject
Project("{FAE04EC0-301F-11D3-BF4B-00C04F79EFBC}") = "TestProject", "TestProject\TestProject.csproj", "{6CD2EE02-31C9-41EC-A230-686D43102F7B}"
EndProject
Project("{FAE04EC0-301F-11D3-BF4B-00C04F79EFBC}") = "DemoClient", "DemoClient\DemoClient.csproj", "{EB80F243-3950-4875-93ED-AD4D34E5ECFF}"
EndProject
Global
	GlobalSection(SolutionConfigurationPlatforms) = preSolution
		Debug|Any CPU = Debug|Any CPU
		Debug|x86 = Debug|x86
		Release|Any CPU = Release|Any CPU
		Release|x86 = Release|x86
	EndGlobalSection
	GlobalSection(ProjectConfigurationPlatforms) = postSolution
		{907A15FA-DB66-44D9-842E-A7BB288B55F1}.Debug|Any CPU.ActiveCfg = Debug|Any CPU
		{907A15FA-DB66-44D9-842E-A7BB288B55F1}.Debug|Any CPU.Build.0 = Debug|Any CPU
		{907A15FA-DB66-44D9-842E-A7BB288B55F1}.Debug|x86.ActiveCfg = Debug|Any CPU
		{907A15FA-DB66-44D9-842E-A7BB288B55F1}.Debug|x86.Build.0 = Debug|Any CPU
		{907A15FA-DB66-44D9-842E-A7BB288B55F1}.Release|Any CPU.ActiveCfg = Release|Any CPU
		{907A15FA-DB66-44D9-842E-A7BB288B55F1}.Release|Any CPU.Build.0 = Release|Any CPU
		{907A15FA-DB66-44D9-842E-A7BB288B55F1}.Release|x86.ActiveCfg = Release|Any CPU
		{907A15FA-DB66-44D9-842E-A7BB288B55F1}.Release|x86.Build.0 = Release|Any CPU
		{6CD2EE02-31C9-41EC-A230-686D43102F7B}.Debug|Any CPU.ActiveCfg = Debug|Any CPU
		{6CD2EE02-31C9-41EC-A230-686D43102F7B}.Debug|Any CPU.Build.0 = Debug|Any CPU
		{6CD2EE02-31C9-41EC-A230-686D43102F7B}.Debug|x86.ActiveCfg = Debug|Any CPU
		{6CD2EE02-31C9-41EC-A230-686D43102F7B}.Debug|x86.Build.0 = Debug|Any CPU
		{6CD2EE02-31C9-41EC-A230-686D43102F7B}.Release|Any CPU.ActiveCfg = Release|Any CPU
		{6CD2EE02-31C9-41EC-A230-686D43102F7B}.Release|Any CPU.Build.0 = Release|Any CPU
		{6CD2EE02-31C9-41EC-A230-686D43102F7B}.Release|x86.ActiveCfg = Release|Any CPU
		{6CD2EE02-31C9-41EC-A230-686D43102F7B}.Release|x86.Build.0 = Release|Any CPU
		{EB80F243-3950-4875-93ED-AD4D34E5ECFF}.Debug|Any CPU.ActiveCfg = Debug|Any CPU
		{EB80F243-3950-4875-93ED-AD4D34E5ECFF}.Debug|Any CPU.Build.0 = Debug|Any CPU
		{EB80F243-3950-4875-93ED-AD4D34E5ECFF}.Debug|x86.ActiveCfg = Debug|Any CPU
		{EB80F243-3950-4875-93ED-AD4D34E5ECFF}.Debug|x86.Build.0 = Debug|Any CPU
		{EB80F243-3950-4875-93ED-AD4D34E5ECFF}.Release|Any CPU.ActiveCfg = Release|Any CPU
		{EB80F243-3950-4875-93ED-AD4D34E5ECFF}.Release|Any CPU.Build.0 = Release|Any CPU
		{EB80F243-3950-4875-93ED-AD4D34E5ECFF}.Release|x86.ActiveCfg = Release|Any CPU
		{EB80F243-3950-4875-93ED-AD4D34E5ECFF}.Release|x86.Build.0 = Release|Any CPU
	EndGlobalSection
	GlobalSection(SolutionProperties) = preSolution
		HideSolutionNode = FALSE
	EndGlobalSection
	GlobalSection(ExtensibilityGlobals) = postSolution
		SolutionGuid = {66D5B065-A5EF-449C-B965-53470165336E}
	EndGlobalSection
EndGlobal
